
Microsoft Visual Studio Solution File, Format Version 11.00
# Visual Studio 2010
Project("{8BC9CEB8-8B4A-11D0-8D11-00A0C91BC942}") = "jtree", "jtree\jtree.vcxproj", "{0A99989B-1125-40EC-8192-226085CC7F13}"
EndProject
Project("{8BC9CEB8-8B4A-11D0-8D11-00A0C91BC942}") = "jgraph", "jgraph\jgraph.vcxproj", "{E1AF686D-9623-466A-B015-3EFBA2A5EFB7}"
EndProject
Project("{8BC9CEB8-8B4A-11D0-8D11-00A0C91BC942}") = "jlist", "jlist\jlist.vcxproj", "{FD2C0AB7-1919-4CB3-B94C-75D175D593D4}"
EndProject
Project("{8BC9CEB8-8B4A-11D0-8D11-00A0C91BC942}") = "jstack", "jstack\jstack.vcxproj", "{B1AF91C1-0ED0-4D1E-BCB0-DAB1EE272031}"
EndProject
Project("{8BC9CEB8-8B4A-11D0-8D11-00A0C91BC942}") = "jheap", "jheap\jheap.vcxproj", "{2EFBCABC-85F7-4EA0-A01D-0D56E2898376}"
EndProject
Project("{8BC9CEB8-8B4A-11D0-8D11-00A0C91BC942}") = "jqueue", "jqueue\jqueue.vcxproj", "{4BC98E5A-A7C9-4DB5-9EE0-4081BBC153E6}"
EndProject
Project("{8BC9CEB8-8B4A-11D0-8D11-00A0C91BC942}") = "jstring", "jstring\jstring.vcxproj", "{8FCF774B-E7EC-4D06-B7F4-119E675CD1C1}"
EndProject
Project("{8BC9CEB8-8B4A-11D0-8D11-00A0C91BC942}") = "jbigdata", "jbigdata\jbigdata.vcxproj", "{20B386D1-5061-4286-BB27-06B5368813A4}"
EndProject
Project("{8BC9CEB8-8B4A-11D0-8D11-00A0C91BC942}") = "jleetcode", "jleetcode\jleetcode.vcxproj", "{53CBF12A-5445-4F8C-8293-1A1A86CFE961}"
EndProject
Project("{8BC9CEB8-8B4A-11D0-8D11-00A0C91BC942}") = "jdynamicsarray", "jdynamicsarray\jdynamicsarray.vcxproj", "{DC2FCA4F-AFCD-41EB-A141-29C31A354392}"
EndProject
Project("{8BC9CEB8-8B4A-11D0-8D11-00A0C91BC942}") = "jsort", "jsort\jsort.vcxproj", "{7035846B-2D52-44BA-AFEC-846819B6CD73}"
EndProject
Global
	GlobalSection(SolutionConfigurationPlatforms) = preSolution
		Debug|Win32 = Debug|Win32
		Release|Win32 = Release|Win32
	EndGlobalSection
	GlobalSection(ProjectConfigurationPlatforms) = postSolution
		{0A99989B-1125-40EC-8192-226085CC7F13}.Debug|Win32.ActiveCfg = Debug|Win32
		{0A99989B-1125-40EC-8192-226085CC7F13}.Debug|Win32.Build.0 = Debug|Win32
		{0A99989B-1125-40EC-8192-226085CC7F13}.Release|Win32.ActiveCfg = Release|Win32
		{0A99989B-1125-40EC-8192-226085CC7F13}.Release|Win32.Build.0 = Release|Win32
		{E1AF686D-9623-466A-B015-3EFBA2A5EFB7}.Debug|Win32.ActiveCfg = Debug|Win32
		{E1AF686D-9623-466A-B015-3EFBA2A5EFB7}.Debug|Win32.Build.0 = Debug|Win32
		{E1AF686D-9623-466A-B015-3EFBA2A5EFB7}.Release|Win32.ActiveCfg = Release|Win32
		{E1AF686D-9623-466A-B015-3EFBA2A5EFB7}.Release|Win32.Build.0 = Release|Win32
		{FD2C0AB7-1919-4CB3-B94C-75D175D593D4}.Debug|Win32.ActiveCfg = Debug|Win32
		{FD2C0AB7-1919-4CB3-B94C-75D175D593D4}.Debug|Win32.Build.0 = Debug|Win32
		{FD2C0AB7-1919-4CB3-B94C-75D175D593D4}.Release|Win32.ActiveCfg = Release|Win32
		{FD2C0AB7-1919-4CB3-B94C-75D175D593D4}.Release|Win32.Build.0 = Release|Win32
		{B1AF91C1-0ED0-4D1E-BCB0-DAB1EE272031}.Debug|Win32.ActiveCfg = Debug|Win32
		{B1AF91C1-0ED0-4D1E-BCB0-DAB1EE272031}.Debug|Win32.Build.0 = Debug|Win32
		{B1AF91C1-0ED0-4D1E-BCB0-DAB1EE272031}.Release|Win32.ActiveCfg = Release|Win32
		{B1AF91C1-0ED0-4D1E-BCB0-DAB1EE272031}.Release|Win32.Build.0 = Release|Win32
		{2EFBCABC-85F7-4EA0-A01D-0D56E2898376}.Debug|Win32.ActiveCfg = Debug|Win32
		{2EFBCABC-85F7-4EA0-A01D-0D56E2898376}.Debug|Win32.Build.0 = Debug|Win32
		{2EFBCABC-85F7-4EA0-A01D-0D56E2898376}.Release|Win32.ActiveCfg = Release|Win32
		{2EFBCABC-85F7-4EA0-A01D-0D56E2898376}.Release|Win32.Build.0 = Release|Win32
		{4BC98E5A-A7C9-4DB5-9EE0-4081BBC153E6}.Debug|Win32.ActiveCfg = Debug|Win32
		{4BC98E5A-A7C9-4DB5-9EE0-4081BBC153E6}.Debug|Win32.Build.0 = Debug|Win32
		{4BC98E5A-A7C9-4DB5-9EE0-4081BBC153E6}.Release|Win32.ActiveCfg = Release|Win32
		{4BC98E5A-A7C9-4DB5-9EE0-4081BBC153E6}.Release|Win32.Build.0 = Release|Win32
		{8FCF774B-E7EC-4D06-B7F4-119E675CD1C1}.Debug|Win32.ActiveCfg = Debug|Win32
		{8FCF774B-E7EC-4D06-B7F4-119E675CD1C1}.Debug|Win32.Build.0 = Debug|Win32
		{8FCF774B-E7EC-4D06-B7F4-119E675CD1C1}.Release|Win32.ActiveCfg = Release|Win32
		{8FCF774B-E7EC-4D06-B7F4-119E675CD1C1}.Release|Win32.Build.0 = Release|Win32
		{20B386D1-5061-4286-BB27-06B5368813A4}.Debug|Win32.ActiveCfg = Debug|Win32
		{20B386D1-5061-4286-BB27-06B5368813A4}.Debug|Win32.Build.0 = Debug|Win32
		{20B386D1-5061-4286-BB27-06B5368813A4}.Release|Win32.ActiveCfg = Release|Win32
		{20B386D1-5061-4286-BB27-06B5368813A4}.Release|Win32.Build.0 = Release|Win32
		{53CBF12A-5445-4F8C-8293-1A1A86CFE961}.Debug|Win32.ActiveCfg = Debug|Win32
		{53CBF12A-5445-4F8C-8293-1A1A86CFE961}.Debug|Win32.Build.0 = Debug|Win32
		{53CBF12A-5445-4F8C-8293-1A1A86CFE961}.Release|Win32.ActiveCfg = Release|Win32
		{53CBF12A-5445-4F8C-8293-1A1A86CFE961}.Release|Win32.Build.0 = Release|Win32
		{DC2FCA4F-AFCD-41EB-A141-29C31A354392}.Debug|Win32.ActiveCfg = Debug|Win32
		{DC2FCA4F-AFCD-41EB-A141-29C31A354392}.Debug|Win32.Build.0 = Debug|Win32
		{DC2FCA4F-AFCD-41EB-A141-29C31A354392}.Release|Win32.ActiveCfg = Release|Win32
		{DC2FCA4F-AFCD-41EB-A141-29C31A354392}.Release|Win32.Build.0 = Release|Win32
		{7035846B-2D52-44BA-AFEC-846819B6CD73}.Debug|Win32.ActiveCfg = Debug|Win32
		{7035846B-2D52-44BA-AFEC-846819B6CD73}.Debug|Win32.Build.0 = Debug|Win32
		{7035846B-2D52-44BA-AFEC-846819B6CD73}.Release|Win32.ActiveCfg = Release|Win32
		{7035846B-2D52-44BA-AFEC-846819B6CD73}.Release|Win32.Build.0 = Release|Win32
	EndGlobalSection
	GlobalSection(SolutionProperties) = preSolution
		HideSolutionNode = FALSE
	EndGlobalSection
EndGlobal
